
Microsoft Visual Studio Solution File, Format Version 12.00
# Visual Studio Version 16
VisualStudioVersion = 16.0.29503.13
MinimumVisualStudioVersion = 10.0.40219.1
Project("{FAE04EC0-301F-11D3-BF4B-00C04F79EFBC}") = "WebAPI", "WebAPI\WebAPI.csproj", "{86B2C6BC-365C-40F1-8082-1A0DBC83B2FC}"
EndProject
Global
	GlobalSection(SolutionConfigurationPlatforms) = preSolution
		Debug|Any CPU = Debug|Any CPU
		Release|Any CPU = Release|Any CPU
	EndGlobalSection
	GlobalSection(ProjectConfigurationPlatforms) = postSolution
		{86B2C6BC-365C-40F1-8082-1A0DBC83B2FC}.Debug|Any CPU.ActiveCfg = Debug|Any CPU
		{86B2C6BC-365C-40F1-8082-1A0DBC83B2FC}.Debug|Any CPU.Build.0 = Debug|Any CPU
		{86B2C6BC-365C-40F1-8082-1A0DBC83B2FC}.Release|Any CPU.ActiveCfg = Release|Any CPU
		{86B2C6BC-365C-40F1-8082-1A0DBC83B2FC}.Release|Any CPU.Build.0 = Release|Any CPU
	EndGlobalSection
	GlobalSection(SolutionProperties) = preSolution
		HideSolutionNode = FALSE
	EndGlobalSection
	GlobalSection(ExtensibilityGlobals) = postSolution
		SolutionGuid = {27E6DCD6-F746-43F0-96B2-D37810733BE2}
	EndGlobalSection
EndGlobal
